# This file is automatically @generated by Cargo.
# It is not intended for manual editing.
version = 4

[[package]]
name = "cfg-if"
version = "0.1.10"
source = "registry+https://github.com/rust-lang/crates.io-index"
checksum = "4785bdd1c96b2a846b2bd7cc02e86b6b3dbf14e7e53446c4f54c92a361040822"

[[package]]
name = "dex-amm"
version = "0.1.0"
dependencies = [
 "moltchain-sdk",
]

[[package]]
name = "dex-analytics"
version = "0.1.0"
dependencies = [
 "moltchain-sdk",
]

[[package]]
name = "dex-core"
version = "0.1.0"
dependencies = [
 "moltchain-sdk",
]

[[package]]
name = "dex-governance"
version = "0.1.0"
dependencies = [
 "moltchain-sdk",
]

[[package]]
name = "dex-margin"
version = "0.1.0"
dependencies = [
 "moltchain-sdk",
]

[[package]]
name = "dex-rewards"
version = "0.1.0"
dependencies = [
 "moltchain-sdk",
]

[[package]]
name = "dex-router"
version = "0.1.0"
dependencies = [
 "moltchain-sdk",
]

[[package]]
name = "libc"
version = "0.2.181"
source = "registry+https://github.com/rust-lang/crates.io-index"
checksum = "459427e2af2b9c839b132acb702a1c654d95e10f8c326bfc2ad11310e458b1c5"

[[package]]
name = "memory_units"
version = "0.4.0"
source = "registry+https://github.com/rust-lang/crates.io-index"
checksum = "8452105ba047068f40ff7093dd1d9da90898e63dd61736462e9cdda6a90ad3c3"

[[package]]
name = "moltchain-e2e"
version = "0.1.0"
dependencies = [
 "dex-amm",
 "dex-analytics",
 "dex-core",
 "dex-governance",
 "dex-margin",
 "dex-rewards",
 "dex-router",
 "moltchain-sdk",
 "musd-token",
 "weth-token",
 "wsol-token",
]

[[package]]
name = "moltchain-sdk"
version = "0.1.0"
dependencies = [
 "wee_alloc",
]

[[package]]
name = "musd-token"
version = "0.1.0"
dependencies = [
 "moltchain-sdk",
]

[[package]]
name = "wee_alloc"
version = "0.4.5"
source = "registry+https://github.com/rust-lang/crates.io-index"
checksum = "dbb3b5a6b2bb17cb6ad44a2e68a43e8d2722c997da10e928665c72ec6c0a0b8e"
dependencies = [
 "cfg-if",
 "libc",
 "memory_units",
 "winapi",
]

[[package]]
name = "weth-token"
version = "0.1.0"
dependencies = [
 "moltchain-sdk",
]

[[package]]
name = "winapi"
version = "0.3.9"
source = "registry+https://github.com/rust-lang/crates.io-index"
checksum = "5c839a674fcd7a98952e593242ea400abe93992746761e38641405d28b00f419"
dependencies = [
 "winapi-i686-pc-windows-gnu",
 "winapi-x86_64-pc-windows-gnu",
]

[[package]]
name = "winapi-i686-pc-windows-gnu"
version = "0.4.0"
source = "registry+https://github.com/rust-lang/crates.io-index"
checksum = "ac3b87c63620426dd9b991e5ce0329eff545bccbbb34f3be09ff6fb6ab51b7b6"

[[package]]
name = "winapi-x86_64-pc-windows-gnu"
version = "0.4.0"
source = "registry+https://github.com/rust-lang/crates.io-index"
checksum = "712e227841d057c1ee1cd2fb22fa7e5a5461ae8e48fa2ca79ec42cfc1931183f"

[[package]]
name = "wsol-token"
version = "0.1.0"
dependencies = [
 "moltchain-sdk",
]
